
Microsoft Visual Studio Solution File, Format Version 12.00
# Visual Studio Version 17
VisualStudioVersion = 17.3.32901.215
MinimumVisualStudioVersion = 10.0.40219.1
Project("{FAE04EC0-301F-11D3-BF4B-00C04F79EFBC}") = "TypeAuthTest", "TypeAuthTest\TypeAuthTest.csproj", "{A6CFB3A6-5A1F-4F00-BDBA-E2C855CD4B7C}"
EndProject
Global
	GlobalSection(SolutionConfigurationPlatforms) = preSolution
		Debug|Any CPU = Debug|Any CPU
		Release|Any CPU = Release|Any CPU
	EndGlobalSection
	GlobalSection(ProjectConfigurationPlatforms) = postSolution
		{A6CFB3A6-5A1F-4F00-BDBA-E2C855CD4B7C}.Debug|Any CPU.ActiveCfg = Debug|Any CPU
		{A6CFB3A6-5A1F-4F00-BDBA-E2C855CD4B7C}.Debug|Any CPU.Build.0 = Debug|Any CPU
		{A6CFB3A6-5A1F-4F00-BDBA-E2C855CD4B7C}.Release|Any CPU.ActiveCfg = Release|Any CPU
		{A6CFB3A6-5A1F-4F00-BDBA-E2C855CD4B7C}.Release|Any CPU.Build.0 = Release|Any CPU
	EndGlobalSection
	GlobalSection(SolutionProperties) = preSolution
		HideSolutionNode = FALSE
	EndGlobalSection
	GlobalSection(ExtensibilityGlobals) = postSolution
		SolutionGuid = {86880C06-B060-4FF5-87F3-62CF225638B0}
	EndGlobalSection
EndGlobal
