
Microsoft Visual Studio Solution File, Format Version 12.00
# Visual Studio Version 17
VisualStudioVersion = 17.3.32901.215
MinimumVisualStudioVersion = 10.0.40219.1
Project("{9A19103F-16F7-4668-BE54-9A1E7A4F7556}") = "TypeAuthTest", "TypeAuthTest\TypeAuthTest.csproj", "{A6CFB3A6-5A1F-4F00-BDBA-E2C855CD4B7C}"
EndProject
Project("{9A19103F-16F7-4668-BE54-9A1E7A4F7556}") = "TypeAuth.Core", "..\..\..\TypeAuth\TypeAuth.Core\TypeAuth.Core.csproj", "{F4838F2A-862A-4B1C-9456-BF6B0F9C16CF}"
EndProject
Project("{9A19103F-16F7-4668-BE54-9A1E7A4F7556}") = "TypeAuthTests", "..\..\..\TypeAuth\TypeAuth.Core.Tests\TypeAuthTests.csproj", "{C7D5ECDF-8A4F-4211-BE79-C8D1C280BC90}"
EndProject
Global
	GlobalSection(SolutionConfigurationPlatforms) = preSolution
		Debug|Any CPU = Debug|Any CPU
		Release|Any CPU = Release|Any CPU
	EndGlobalSection
	GlobalSection(ProjectConfigurationPlatforms) = postSolution
		{A6CFB3A6-5A1F-4F00-BDBA-E2C855CD4B7C}.Debug|Any CPU.ActiveCfg = Debug|Any CPU
		{A6CFB3A6-5A1F-4F00-BDBA-E2C855CD4B7C}.Debug|Any CPU.Build.0 = Debug|Any CPU
		{A6CFB3A6-5A1F-4F00-BDBA-E2C855CD4B7C}.Release|Any CPU.ActiveCfg = Release|Any CPU
		{A6CFB3A6-5A1F-4F00-BDBA-E2C855CD4B7C}.Release|Any CPU.Build.0 = Release|Any CPU
		{F4838F2A-862A-4B1C-9456-BF6B0F9C16CF}.Debug|Any CPU.ActiveCfg = Debug|Any CPU
		{F4838F2A-862A-4B1C-9456-BF6B0F9C16CF}.Debug|Any CPU.Build.0 = Debug|Any CPU
		{F4838F2A-862A-4B1C-9456-BF6B0F9C16CF}.Release|Any CPU.ActiveCfg = Release|Any CPU
		{F4838F2A-862A-4B1C-9456-BF6B0F9C16CF}.Release|Any CPU.Build.0 = Release|Any CPU
		{C7D5ECDF-8A4F-4211-BE79-C8D1C280BC90}.Debug|Any CPU.ActiveCfg = Debug|Any CPU
		{C7D5ECDF-8A4F-4211-BE79-C8D1C280BC90}.Debug|Any CPU.Build.0 = Debug|Any CPU
		{C7D5ECDF-8A4F-4211-BE79-C8D1C280BC90}.Release|Any CPU.ActiveCfg = Release|Any CPU
		{C7D5ECDF-8A4F-4211-BE79-C8D1C280BC90}.Release|Any CPU.Build.0 = Release|Any CPU
	EndGlobalSection
	GlobalSection(SolutionProperties) = preSolution
		HideSolutionNode = FALSE
	EndGlobalSection
	GlobalSection(ExtensibilityGlobals) = postSolution
		SolutionGuid = {86880C06-B060-4FF5-87F3-62CF225638B0}
	EndGlobalSection
EndGlobal
